
Microsoft Visual Studio Solution File, Format Version 12.00
# Visual Studio Version 17
VisualStudioVersion = 17.13.35919.96 d17.13
MinimumVisualStudioVersion = 10.0.40219.1
Project("{FAE04EC0-301F-11D3-BF4B-00C04F79EFBC}") = "MIMID", "MIMID\MIMID.csproj", "{7704D277-DF71-4756-9217-2C6CCE4EAC3F}"
	ProjectSection(ProjectDependencies) = postProject
		{17F05828-2280-4DAE-9AD0-9295527114B2} = {17F05828-2280-4DAE-9AD0-9295527114B2}
		{2E619FD1-37E2-48C2-A5A8-7FC66D94FA82} = {2E619FD1-37E2-48C2-A5A8-7FC66D94FA82}
	EndProjectSection
EndProject
Project("{FAE04EC0-301F-11D3-BF4B-00C04F79EFBC}") = "ENTITY", "ENTITY\ENTITY.csproj", "{2E619FD1-37E2-48C2-A5A8-7FC66D94FA82}"
EndProject
Project("{FAE04EC0-301F-11D3-BF4B-00C04F79EFBC}") = "DAL", "DAL\DAL.csproj", "{6376AE2F-A813-4C10-968F-BD880E351D11}"
	ProjectSection(ProjectDependencies) = postProject
		{2E619FD1-37E2-48C2-A5A8-7FC66D94FA82} = {2E619FD1-37E2-48C2-A5A8-7FC66D94FA82}
	EndProjectSection
EndProject
Project("{FAE04EC0-301F-11D3-BF4B-00C04F79EFBC}") = "BLL", "BLL\BLL.csproj", "{17F05828-2280-4DAE-9AD0-9295527114B2}"
	ProjectSection(ProjectDependencies) = postProject
		{2E619FD1-37E2-48C2-A5A8-7FC66D94FA82} = {2E619FD1-37E2-48C2-A5A8-7FC66D94FA82}
		{6376AE2F-A813-4C10-968F-BD880E351D11} = {6376AE2F-A813-4C10-968F-BD880E351D11}
	EndProjectSection
EndProject
Global
	GlobalSection(SolutionConfigurationPlatforms) = preSolution
		Debug|Any CPU = Debug|Any CPU
		Release|Any CPU = Release|Any CPU
	EndGlobalSection
	GlobalSection(ProjectConfigurationPlatforms) = postSolution
		{7704D277-DF71-4756-9217-2C6CCE4EAC3F}.Debug|Any CPU.ActiveCfg = Debug|Any CPU
		{7704D277-DF71-4756-9217-2C6CCE4EAC3F}.Debug|Any CPU.Build.0 = Debug|Any CPU
		{7704D277-DF71-4756-9217-2C6CCE4EAC3F}.Release|Any CPU.ActiveCfg = Release|Any CPU
		{7704D277-DF71-4756-9217-2C6CCE4EAC3F}.Release|Any CPU.Build.0 = Release|Any CPU
		{2E619FD1-37E2-48C2-A5A8-7FC66D94FA82}.Debug|Any CPU.ActiveCfg = Debug|Any CPU
		{2E619FD1-37E2-48C2-A5A8-7FC66D94FA82}.Debug|Any CPU.Build.0 = Debug|Any CPU
		{2E619FD1-37E2-48C2-A5A8-7FC66D94FA82}.Release|Any CPU.ActiveCfg = Release|Any CPU
		{2E619FD1-37E2-48C2-A5A8-7FC66D94FA82}.Release|Any CPU.Build.0 = Release|Any CPU
		{6376AE2F-A813-4C10-968F-BD880E351D11}.Debug|Any CPU.ActiveCfg = Debug|Any CPU
		{6376AE2F-A813-4C10-968F-BD880E351D11}.Debug|Any CPU.Build.0 = Debug|Any CPU
		{6376AE2F-A813-4C10-968F-BD880E351D11}.Release|Any CPU.ActiveCfg = Release|Any CPU
		{6376AE2F-A813-4C10-968F-BD880E351D11}.Release|Any CPU.Build.0 = Release|Any CPU
		{17F05828-2280-4DAE-9AD0-9295527114B2}.Debug|Any CPU.ActiveCfg = Debug|Any CPU
		{17F05828-2280-4DAE-9AD0-9295527114B2}.Debug|Any CPU.Build.0 = Debug|Any CPU
		{17F05828-2280-4DAE-9AD0-9295527114B2}.Release|Any CPU.ActiveCfg = Release|Any CPU
		{17F05828-2280-4DAE-9AD0-9295527114B2}.Release|Any CPU.Build.0 = Release|Any CPU
	EndGlobalSection
	GlobalSection(SolutionProperties) = preSolution
		HideSolutionNode = FALSE
	EndGlobalSection
	GlobalSection(ExtensibilityGlobals) = postSolution
		SolutionGuid = {93E68007-9399-4C3A-B33F-98F0A5A3DB2D}
	EndGlobalSection
EndGlobal
